// !$*UTF8*$!
{
	archiveVersion = 1;
	classes = {
	};
	objectVersion = 50;
	objects = {

/* Begin PBXBuildFile section */
		78CD250522455999003C040A /* UIView+Corner.swift in Sources */ = {isa = PBXBuildFile; fileRef = 78CD250422455999003C040A /* UIView+Corner.swift */; };
		78ED41452243C2950064AA4A /* DateFormatterHelper.swift in Sources */ = {isa = PBXBuildFile; fileRef = 78FA8F972241616D00EF23B1 /* DateFormatterHelper.swift */; };
		78FA8F46224137D900EF23B1 /* AppDelegate.swift in Sources */ = {isa = PBXBuildFile; fileRef = 78FA8F45224137D900EF23B1 /* AppDelegate.swift */; };
		78FA8F48224137D900EF23B1 /* ViewController.swift in Sources */ = {isa = PBXBuildFile; fileRef = 78FA8F47224137D900EF23B1 /* ViewController.swift */; };
		78FA8F4B224137D900EF23B1 /* Main.storyboard in Resources */ = {isa = PBXBuildFile; fileRef = 78FA8F49224137D900EF23B1 /* Main.storyboard */; };
		78FA8F4D224137DB00EF23B1 /* Assets.xcassets in Resources */ = {isa = PBXBuildFile; fileRef = 78FA8F4C224137DB00EF23B1 /* Assets.xcassets */; };
		78FA8F50224137DB00EF23B1 /* LaunchScreen.storyboard in Resources */ = {isa = PBXBuildFile; fileRef = 78FA8F4E224137DB00EF23B1 /* LaunchScreen.storyboard */; };
		78FA8F5B224137DB00EF23B1 /* TrackWorkTests.swift in Sources */ = {isa = PBXBuildFile; fileRef = 78FA8F5A224137DB00EF23B1 /* TrackWorkTests.swift */; };
		78FA8F60224137DB00EF23B1 /* TrackWork WatchKit App.app in Embed Watch Content */ = {isa = PBXBuildFile; fileRef = 78FA8F5F224137DB00EF23B1 /* TrackWork WatchKit App.app */; };
		78FA8F66224137DB00EF23B1 /* Interface.storyboard in Resources */ = {isa = PBXBuildFile; fileRef = 78FA8F64224137DB00EF23B1 /* Interface.storyboard */; };
		78FA8F68224137DC00EF23B1 /* Assets.xcassets in Resources */ = {isa = PBXBuildFile; fileRef = 78FA8F67224137DC00EF23B1 /* Assets.xcassets */; };
		78FA8F6F224137DC00EF23B1 /* TrackWork WatchKit Extension.appex in Embed App Extensions */ = {isa = PBXBuildFile; fileRef = 78FA8F6E224137DC00EF23B1 /* TrackWork WatchKit Extension.appex */; settings = {ATTRIBUTES = (RemoveHeadersOnCopy, ); }; };
		78FA8F74224137DC00EF23B1 /* InterfaceController.swift in Sources */ = {isa = PBXBuildFile; fileRef = 78FA8F73224137DC00EF23B1 /* InterfaceController.swift */; };
		78FA8F76224137DC00EF23B1 /* ExtensionDelegate.swift in Sources */ = {isa = PBXBuildFile; fileRef = 78FA8F75224137DC00EF23B1 /* ExtensionDelegate.swift */; };
		78FA8F78224137DC00EF23B1 /* ComplicationController.swift in Sources */ = {isa = PBXBuildFile; fileRef = 78FA8F77224137DC00EF23B1 /* ComplicationController.swift */; };
		78FA8F7A224137DD00EF23B1 /* Assets.xcassets in Resources */ = {isa = PBXBuildFile; fileRef = 78FA8F79224137DD00EF23B1 /* Assets.xcassets */; };
		78FA8F962241611800EF23B1 /* Int+DateFormatter.swift in Sources */ = {isa = PBXBuildFile; fileRef = 78FA8F952241611800EF23B1 /* Int+DateFormatter.swift */; };
		78FA8F982241616D00EF23B1 /* DateFormatterHelper.swift in Sources */ = {isa = PBXBuildFile; fileRef = 78FA8F972241616D00EF23B1 /* DateFormatterHelper.swift */; };
		78FA8FA022418A9C00EF23B1 /* WatchAppManager.swift in Sources */ = {isa = PBXBuildFile; fileRef = 78FA8F9F22418A9C00EF23B1 /* WatchAppManager.swift */; };
		78FA8FA42242CDCE00EF23B1 /* StringCastHelper.swift in Sources */ = {isa = PBXBuildFile; fileRef = 78FA8FA32242CDCE00EF23B1 /* StringCastHelper.swift */; };
		78FA8FA62242CE2F00EF23B1 /* CreateCompilationTemplate.swift in Sources */ = {isa = PBXBuildFile; fileRef = 78FA8FA52242CE2F00EF23B1 /* CreateCompilationTemplate.swift */; };
/* End PBXBuildFile section */

/* Begin PBXContainerItemProxy section */
		78FA8F57224137DB00EF23B1 /* PBXContainerItemProxy */ = {
			isa = PBXContainerItemProxy;
			containerPortal = 78FA8F3A224137D900EF23B1 /* Project object */;
			proxyType = 1;
			remoteGlobalIDString = 78FA8F41224137D900EF23B1;
			remoteInfo = TrackWork;
		};
		78FA8F61224137DB00EF23B1 /* PBXContainerItemProxy */ = {
			isa = PBXContainerItemProxy;
			containerPortal = 78FA8F3A224137D900EF23B1 /* Project object */;
			proxyType = 1;
			remoteGlobalIDString = 78FA8F5E224137DB00EF23B1;
			remoteInfo = "TrackWork WatchKit App";
		};
		78FA8F70224137DC00EF23B1 /* PBXContainerItemProxy */ = {
			isa = PBXContainerItemProxy;
			containerPortal = 78FA8F3A224137D900EF23B1 /* Project object */;
			proxyType = 1;
			remoteGlobalIDString = 78FA8F6D224137DC00EF23B1;
			remoteInfo = "TrackWork WatchKit Extension";
		};
/* End PBXContainerItemProxy section */

/* Begin PBXCopyFilesBuildPhase section */
		78FA8F81224137DD00EF23B1 /* Embed App Extensions */ = {
			isa = PBXCopyFilesBuildPhase;
			buildActionMask = 2147483647;
			dstPath = "";
			dstSubfolderSpec = 13;
			files = (
				78FA8F6F224137DC00EF23B1 /* TrackWork WatchKit Extension.appex in Embed App Extensions */,
			);
			name = "Embed App Extensions";
			runOnlyForDeploymentPostprocessing = 0;
		};
		78FA8F85224137DD00EF23B1 /* Embed Watch Content */ = {
			isa = PBXCopyFilesBuildPhase;
			buildActionMask = 2147483647;
			dstPath = "$(CONTENTS_FOLDER_PATH)/Watch";
			dstSubfolderSpec = 16;
			files = (
				78FA8F60224137DB00EF23B1 /* TrackWork WatchKit App.app in Embed Watch Content */,
			);
			name = "Embed Watch Content";
			runOnlyForDeploymentPostprocessing = 0;
		};
/* End PBXCopyFilesBuildPhase section */

/* Begin PBXFileReference section */
		78CD250422455999003C040A /* UIView+Corner.swift */ = {isa = PBXFileReference; lastKnownFileType = sourcecode.swift; path = "UIView+Corner.swift"; sourceTree = "<group>"; };
		78FA8F42224137D900EF23B1 /* TrackWork.dev.app */ = {isa = PBXFileReference; explicitFileType = wrapper.application; includeInIndex = 0; path = TrackWork.dev.app; sourceTree = BUILT_PRODUCTS_DIR; };
		78FA8F45224137D900EF23B1 /* AppDelegate.swift */ = {isa = PBXFileReference; lastKnownFileType = sourcecode.swift; path = AppDelegate.swift; sourceTree = "<group>"; };
		78FA8F47224137D900EF23B1 /* ViewController.swift */ = {isa = PBXFileReference; lastKnownFileType = sourcecode.swift; path = ViewController.swift; sourceTree = "<group>"; };
		78FA8F4A224137D900EF23B1 /* Base */ = {isa = PBXFileReference; lastKnownFileType = file.storyboard; name = Base; path = Base.lproj/Main.storyboard; sourceTree = "<group>"; };
		78FA8F4C224137DB00EF23B1 /* Assets.xcassets */ = {isa = PBXFileReference; lastKnownFileType = folder.assetcatalog; path = Assets.xcassets; sourceTree = "<group>"; };
		78FA8F4F224137DB00EF23B1 /* Base */ = {isa = PBXFileReference; lastKnownFileType = file.storyboard; name = Base; path = Base.lproj/LaunchScreen.storyboard; sourceTree = "<group>"; };
		78FA8F51224137DB00EF23B1 /* Info.plist */ = {isa = PBXFileReference; lastKnownFileType = text.plist.xml; path = Info.plist; sourceTree = "<group>"; };
		78FA8F56224137DB00EF23B1 /* TrackWorkTests.xctest */ = {isa = PBXFileReference; explicitFileType = wrapper.cfbundle; includeInIndex = 0; path = TrackWorkTests.xctest; sourceTree = BUILT_PRODUCTS_DIR; };
		78FA8F5A224137DB00EF23B1 /* TrackWorkTests.swift */ = {isa = PBXFileReference; lastKnownFileType = sourcecode.swift; path = TrackWorkTests.swift; sourceTree = "<group>"; };
		78FA8F5C224137DB00EF23B1 /* Info.plist */ = {isa = PBXFileReference; lastKnownFileType = text.plist.xml; path = Info.plist; sourceTree = "<group>"; };
		78FA8F5F224137DB00EF23B1 /* TrackWork WatchKit App.app */ = {isa = PBXFileReference; explicitFileType = wrapper.application; includeInIndex = 0; path = "TrackWork WatchKit App.app"; sourceTree = BUILT_PRODUCTS_DIR; };
		78FA8F65224137DB00EF23B1 /* Base */ = {isa = PBXFileReference; lastKnownFileType = file.storyboard; name = Base; path = Base.lproj/Interface.storyboard; sourceTree = "<group>"; };
		78FA8F67224137DC00EF23B1 /* Assets.xcassets */ = {isa = PBXFileReference; lastKnownFileType = folder.assetcatalog; path = Assets.xcassets; sourceTree = "<group>"; };
		78FA8F69224137DC00EF23B1 /* Info.plist */ = {isa = PBXFileReference; lastKnownFileType = text.plist.xml; path = Info.plist; sourceTree = "<group>"; };
		78FA8F6E224137DC00EF23B1 /* TrackWork WatchKit Extension.appex */ = {isa = PBXFileReference; explicitFileType = "wrapper.app-extension"; includeInIndex = 0; path = "TrackWork WatchKit Extension.appex"; sourceTree = BUILT_PRODUCTS_DIR; };
		78FA8F73224137DC00EF23B1 /* InterfaceController.swift */ = {isa = PBXFileReference; lastKnownFileType = sourcecode.swift; path = InterfaceController.swift; sourceTree = "<group>"; };
		78FA8F75224137DC00EF23B1 /* ExtensionDelegate.swift */ = {isa = PBXFileReference; lastKnownFileType = sourcecode.swift; path = ExtensionDelegate.swift; sourceTree = "<group>"; };
		78FA8F77224137DC00EF23B1 /* ComplicationController.swift */ = {isa = PBXFileReference; lastKnownFileType = sourcecode.swift; path = ComplicationController.swift; sourceTree = "<group>"; };
		78FA8F79224137DD00EF23B1 /* Assets.xcassets */ = {isa = PBXFileReference; lastKnownFileType = folder.assetcatalog; path = Assets.xcassets; sourceTree = "<group>"; };
		78FA8F7B224137DD00EF23B1 /* Info.plist */ = {isa = PBXFileReference; lastKnownFileType = text.plist.xml; path = Info.plist; sourceTree = "<group>"; };
		78FA8F952241611800EF23B1 /* Int+DateFormatter.swift */ = {isa = PBXFileReference; lastKnownFileType = sourcecode.swift; path = "Int+DateFormatter.swift"; sourceTree = "<group>"; };
		78FA8F972241616D00EF23B1 /* DateFormatterHelper.swift */ = {isa = PBXFileReference; lastKnownFileType = sourcecode.swift; path = DateFormatterHelper.swift; sourceTree = "<group>"; };
		78FA8F9F22418A9C00EF23B1 /* WatchAppManager.swift */ = {isa = PBXFileReference; fileEncoding = 4; lastKnownFileType = sourcecode.swift; name = WatchAppManager.swift; path = TrackWork/Source/WatchAppManager.swift; sourceTree = SOURCE_ROOT; };
		78FA8FA32242CDCE00EF23B1 /* StringCastHelper.swift */ = {isa = PBXFileReference; lastKnownFileType = sourcecode.swift; path = StringCastHelper.swift; sourceTree = "<group>"; };
		78FA8FA52242CE2F00EF23B1 /* CreateCompilationTemplate.swift */ = {isa = PBXFileReference; lastKnownFileType = sourcecode.swift; path = CreateCompilationTemplate.swift; sourceTree = "<group>"; };
/* End PBXFileReference section */

/* Begin PBXFrameworksBuildPhase section */
		78FA8F3F224137D900EF23B1 /* Frameworks */ = {
			isa = PBXFrameworksBuildPhase;
			buildActionMask = 2147483647;
			files = (
			);
			runOnlyForDeploymentPostprocessing = 0;
		};
		78FA8F53224137DB00EF23B1 /* Frameworks */ = {
			isa = PBXFrameworksBuildPhase;
			buildActionMask = 2147483647;
			files = (
			);
			runOnlyForDeploymentPostprocessing = 0;
		};
		78FA8F6B224137DC00EF23B1 /* Frameworks */ = {
			isa = PBXFrameworksBuildPhase;
			buildActionMask = 2147483647;
			files = (
			);
			runOnlyForDeploymentPostprocessing = 0;
		};
/* End PBXFrameworksBuildPhase section */

/* Begin PBXGroup section */
		78CD250322455983003C040A /* Extension */ = {
			isa = PBXGroup;
			children = (
				78CD250422455999003C040A /* UIView+Corner.swift */,
			);
			name = Extension;
			sourceTree = "<group>";
		};
		78FA8F39224137D900EF23B1 = {
			isa = PBXGroup;
			children = (
				78FA8F44224137D900EF23B1 /* TrackWork */,
				78FA8F59224137DB00EF23B1 /* TrackWorkTests */,
				78FA8F63224137DB00EF23B1 /* TrackWork WatchKit App */,
				78FA8F72224137DC00EF23B1 /* TrackWork WatchKit Extension */,
				78FA8F43224137D900EF23B1 /* Products */,
			);
			sourceTree = "<group>";
		};
		78FA8F43224137D900EF23B1 /* Products */ = {
			isa = PBXGroup;
			children = (
				78FA8F42224137D900EF23B1 /* TrackWork.dev.app */,
				78FA8F56224137DB00EF23B1 /* TrackWorkTests.xctest */,
				78FA8F5F224137DB00EF23B1 /* TrackWork WatchKit App.app */,
				78FA8F6E224137DC00EF23B1 /* TrackWork WatchKit Extension.appex */,
			);
			name = Products;
			sourceTree = "<group>";
		};
		78FA8F44224137D900EF23B1 /* TrackWork */ = {
			isa = PBXGroup;
			children = (
				78FA8F8E22413A4E00EF23B1 /* Other Sources */,
				78FA8F8D22413A4100EF23B1 /* Resource */,
				78FA8F8C22413A3400EF23B1 /* Source */,
			);
			path = TrackWork;
			sourceTree = "<group>";
		};
		78FA8F59224137DB00EF23B1 /* TrackWorkTests */ = {
			isa = PBXGroup;
			children = (
				78FA8F9022413A6F00EF23B1 /* Extensions */,
				78FA8F8F22413A6400EF23B1 /* Controller */,
				78FA8F5C224137DB00EF23B1 /* Info.plist */,
			);
			path = TrackWorkTests;
			sourceTree = "<group>";
		};
		78FA8F63224137DB00EF23B1 /* TrackWork WatchKit App */ = {
			isa = PBXGroup;
			children = (
				78FA8F9122413A7E00EF23B1 /* Resources */,
				78FA8F69224137DC00EF23B1 /* Info.plist */,
			);
			path = "TrackWork WatchKit App";
			sourceTree = "<group>";
		};
		78FA8F72224137DC00EF23B1 /* TrackWork WatchKit Extension */ = {
			isa = PBXGroup;
			children = (
				78FA8F9422413AA400EF23B1 /* Other Sources */,
				78FA8F9322413A9A00EF23B1 /* Sources */,
				78FA8F9222413A9000EF23B1 /* Resources */,
			);
			path = "TrackWork WatchKit Extension";
			sourceTree = "<group>";
		};
		78FA8F8C22413A3400EF23B1 /* Source */ = {
			isa = PBXGroup;
			children = (
				78CD250322455983003C040A /* Extension */,
				78FA8FA12242B4F600EF23B1 /* Helper */,
				78FA8F47224137D900EF23B1 /* ViewController.swift */,
				78FA8F952241611800EF23B1 /* Int+DateFormatter.swift */,
				78FA8F972241616D00EF23B1 /* DateFormatterHelper.swift */,
			);
			path = Source;
			sourceTree = "<group>";
		};
		78FA8F8D22413A4100EF23B1 /* Resource */ = {
			isa = PBXGroup;
			children = (
				78FA8F49224137D900EF23B1 /* Main.storyboard */,
				78FA8F4C224137DB00EF23B1 /* Assets.xcassets */,
				78FA8F4E224137DB00EF23B1 /* LaunchScreen.storyboard */,
			);
			path = Resource;
			sourceTree = "<group>";
		};
		78FA8F8E22413A4E00EF23B1 /* Other Sources */ = {
			isa = PBXGroup;
			children = (
				78FA8F45224137D900EF23B1 /* AppDelegate.swift */,
				78FA8F51224137DB00EF23B1 /* Info.plist */,
			);
			name = "Other Sources";
			sourceTree = "<group>";
		};
		78FA8F8F22413A6400EF23B1 /* Controller */ = {
			isa = PBXGroup;
			children = (
				78FA8F5A224137DB00EF23B1 /* TrackWorkTests.swift */,
			);
			name = Controller;
			sourceTree = "<group>";
		};
		78FA8F9022413A6F00EF23B1 /* Extensions */ = {
			isa = PBXGroup;
			children = (
			);
			name = Extensions;
			sourceTree = "<group>";
		};
		78FA8F9122413A7E00EF23B1 /* Resources */ = {
			isa = PBXGroup;
			children = (
				78FA8F64224137DB00EF23B1 /* Interface.storyboard */,
				78FA8F67224137DC00EF23B1 /* Assets.xcassets */,
			);
			name = Resources;
			sourceTree = "<group>";
		};
		78FA8F9222413A9000EF23B1 /* Resources */ = {
			isa = PBXGroup;
			children = (
				78FA8F79224137DD00EF23B1 /* Assets.xcassets */,
			);
			name = Resources;
			sourceTree = "<group>";
		};
		78FA8F9322413A9A00EF23B1 /* Sources */ = {
			isa = PBXGroup;
			children = (
				78FA8FA22242CDBC00EF23B1 /* Helper */,
				78FA8F73224137DC00EF23B1 /* InterfaceController.swift */,
				78FA8F77224137DC00EF23B1 /* ComplicationController.swift */,
			);
			name = Sources;
			sourceTree = "<group>";
		};
		78FA8F9422413AA400EF23B1 /* Other Sources */ = {
			isa = PBXGroup;
			children = (
				78FA8F75224137DC00EF23B1 /* ExtensionDelegate.swift */,
				78FA8F7B224137DD00EF23B1 /* Info.plist */,
			);
			name = "Other Sources";
			sourceTree = "<group>";
		};
		78FA8FA12242B4F600EF23B1 /* Helper */ = {
			isa = PBXGroup;
			children = (
				78FA8F9F22418A9C00EF23B1 /* WatchAppManager.swift */,
			);
			name = Helper;
			sourceTree = "<group>";
		};
		78FA8FA22242CDBC00EF23B1 /* Helper */ = {
			isa = PBXGroup;
			children = (
				78FA8FA32242CDCE00EF23B1 /* StringCastHelper.swift */,
				78FA8FA52242CE2F00EF23B1 /* CreateCompilationTemplate.swift */,
			);
			name = Helper;
			sourceTree = "<group>";
		};
/* End PBXGroup section */

/* Begin PBXNativeTarget section */
		78FA8F41224137D900EF23B1 /* TrackWork */ = {
			isa = PBXNativeTarget;
			buildConfigurationList = 78FA8F86224137DD00EF23B1 /* Build configuration list for PBXNativeTarget "TrackWork" */;
			buildPhases = (
				78FA8F3E224137D900EF23B1 /* Sources */,
				78FA8F3F224137D900EF23B1 /* Frameworks */,
				78FA8F40224137D900EF23B1 /* Resources */,
				78FA8F85224137DD00EF23B1 /* Embed Watch Content */,
			);
			buildRules = (
			);
			dependencies = (
				78FA8F62224137DB00EF23B1 /* PBXTargetDependency */,
			);
			name = TrackWork;
			productName = TrackWork;
			productReference = 78FA8F42224137D900EF23B1 /* TrackWork.dev.app */;
			productType = "com.apple.product-type.application";
		};
		78FA8F55224137DB00EF23B1 /* TrackWorkTests */ = {
			isa = PBXNativeTarget;
			buildConfigurationList = 78FA8F89224137DD00EF23B1 /* Build configuration list for PBXNativeTarget "TrackWorkTests" */;
			buildPhases = (
				78FA8F52224137DB00EF23B1 /* Sources */,
				78FA8F53224137DB00EF23B1 /* Frameworks */,
				78FA8F54224137DB00EF23B1 /* Resources */,
			);
			buildRules = (
			);
			dependencies = (
				78FA8F58224137DB00EF23B1 /* PBXTargetDependency */,
			);
			name = TrackWorkTests;
			productName = TrackWorkTests;
			productReference = 78FA8F56224137DB00EF23B1 /* TrackWorkTests.xctest */;
			productType = "com.apple.product-type.bundle.unit-test";
		};
		78FA8F5E224137DB00EF23B1 /* TrackWork WatchKit App */ = {
			isa = PBXNativeTarget;
			buildConfigurationList = 78FA8F82224137DD00EF23B1 /* Build configuration list for PBXNativeTarget "TrackWork WatchKit App" */;
			buildPhases = (
				78FA8F5D224137DB00EF23B1 /* Resources */,
				78FA8F81224137DD00EF23B1 /* Embed App Extensions */,
			);
			buildRules = (
			);
			dependencies = (
				78FA8F71224137DC00EF23B1 /* PBXTargetDependency */,
			);
			name = "TrackWork WatchKit App";
			productName = "TrackWork WatchKit App";
			productReference = 78FA8F5F224137DB00EF23B1 /* TrackWork WatchKit App.app */;
			productType = "com.apple.product-type.application.watchapp2";
		};
		78FA8F6D224137DC00EF23B1 /* TrackWork WatchKit Extension */ = {
			isa = PBXNativeTarget;
			buildConfigurationList = 78FA8F7E224137DD00EF23B1 /* Build configuration list for PBXNativeTarget "TrackWork WatchKit Extension" */;
			buildPhases = (
				78FA8F6A224137DC00EF23B1 /* Sources */,
				78FA8F6B224137DC00EF23B1 /* Frameworks */,
				78FA8F6C224137DC00EF23B1 /* Resources */,
			);
			buildRules = (
			);
			dependencies = (
			);
			name = "TrackWork WatchKit Extension";
			productName = "TrackWork WatchKit Extension";
			productReference = 78FA8F6E224137DC00EF23B1 /* TrackWork WatchKit Extension.appex */;
			productType = "com.apple.product-type.watchkit2-extension";
		};
/* End PBXNativeTarget section */

/* Begin PBXProject section */
		78FA8F3A224137D900EF23B1 /* Project object */ = {
			isa = PBXProject;
			attributes = {
				LastSwiftUpdateCheck = 1010;
				LastUpgradeCheck = 1010;
				ORGANIZATIONNAME = "Chrystian Salgado";
				TargetAttributes = {
					78FA8F41224137D900EF23B1 = {
						CreatedOnToolsVersion = 10.1;
					};
					78FA8F55224137DB00EF23B1 = {
						CreatedOnToolsVersion = 10.1;
						TestTargetID = 78FA8F41224137D900EF23B1;
					};
					78FA8F5E224137DB00EF23B1 = {
						CreatedOnToolsVersion = 10.1;
					};
					78FA8F6D224137DC00EF23B1 = {
						CreatedOnToolsVersion = 10.1;
					};
				};
			};
			buildConfigurationList = 78FA8F3D224137D900EF23B1 /* Build configuration list for PBXProject "TrackWork" */;
			compatibilityVersion = "Xcode 9.3";
			developmentRegion = en;
			hasScannedForEncodings = 0;
			knownRegions = (
				en,
				Base,
			);
			mainGroup = 78FA8F39224137D900EF23B1;
			productRefGroup = 78FA8F43224137D900EF23B1 /* Products */;
			projectDirPath = "";
			projectRoot = "";
			targets = (
				78FA8F41224137D900EF23B1 /* TrackWork */,
				78FA8F55224137DB00EF23B1 /* TrackWorkTests */,
				78FA8F5E224137DB00EF23B1 /* TrackWork WatchKit App */,
				78FA8F6D224137DC00EF23B1 /* TrackWork WatchKit Extension */,
			);
		};
/* End PBXProject section */

/* Begin PBXResourcesBuildPhase section */
		78FA8F40224137D900EF23B1 /* Resources */ = {
			isa = PBXResourcesBuildPhase;
			buildActionMask = 2147483647;
			files = (
				78FA8F50224137DB00EF23B1 /* LaunchScreen.storyboard in Resources */,
				78FA8F4D224137DB00EF23B1 /* Assets.xcassets in Resources */,
				78FA8F4B224137D900EF23B1 /* Main.storyboard in Resources */,
			);
			runOnlyForDeploymentPostprocessing = 0;
		};
		78FA8F54224137DB00EF23B1 /* Resources */ = {
			isa = PBXResourcesBuildPhase;
			buildActionMask = 2147483647;
			files = (
			);
			runOnlyForDeploymentPostprocessing = 0;
		};
		78FA8F5D224137DB00EF23B1 /* Resources */ = {
			isa = PBXResourcesBuildPhase;
			buildActionMask = 2147483647;
			files = (
				78FA8F68224137DC00EF23B1 /* Assets.xcassets in Resources */,
				78FA8F66224137DB00EF23B1 /* Interface.storyboard in Resources */,
			);
			runOnlyForDeploymentPostprocessing = 0;
		};
		78FA8F6C224137DC00EF23B1 /* Resources */ = {
			isa = PBXResourcesBuildPhase;
			buildActionMask = 2147483647;
			files = (
				78FA8F7A224137DD00EF23B1 /* Assets.xcassets in Resources */,
			);
			runOnlyForDeploymentPostprocessing = 0;
		};
/* End PBXResourcesBuildPhase section */

/* Begin PBXSourcesBuildPhase section */
		78FA8F3E224137D900EF23B1 /* Sources */ = {
			isa = PBXSourcesBuildPhase;
			buildActionMask = 2147483647;
			files = (
				78FA8F48224137D900EF23B1 /* ViewController.swift in Sources */,
				78CD250522455999003C040A /* UIView+Corner.swift in Sources */,
				78FA8F962241611800EF23B1 /* Int+DateFormatter.swift in Sources */,
				78FA8F982241616D00EF23B1 /* DateFormatterHelper.swift in Sources */,
				78FA8FA022418A9C00EF23B1 /* WatchAppManager.swift in Sources */,
				78FA8F46224137D900EF23B1 /* AppDelegate.swift in Sources */,
			);
			runOnlyForDeploymentPostprocessing = 0;
		};
		78FA8F52224137DB00EF23B1 /* Sources */ = {
			isa = PBXSourcesBuildPhase;
			buildActionMask = 2147483647;
			files = (
				78FA8F5B224137DB00EF23B1 /* TrackWorkTests.swift in Sources */,
			);
			runOnlyForDeploymentPostprocessing = 0;
		};
		78FA8F6A224137DC00EF23B1 /* Sources */ = {
			isa = PBXSourcesBuildPhase;
			buildActionMask = 2147483647;
			files = (
				78ED41452243C2950064AA4A /* DateFormatterHelper.swift in Sources */,
				78FA8F76224137DC00EF23B1 /* ExtensionDelegate.swift in Sources */,
				78FA8F74224137DC00EF23B1 /* InterfaceController.swift in Sources */,
				78FA8F78224137DC00EF23B1 /* ComplicationController.swift in Sources */,
				78FA8FA42242CDCE00EF23B1 /* StringCastHelper.swift in Sources */,
				78FA8FA62242CE2F00EF23B1 /* CreateCompilationTemplate.swift in Sources */,
			);
			runOnlyForDeploymentPostprocessing = 0;
		};
/* End PBXSourcesBuildPhase section */

/* Begin PBXTargetDependency section */
		78FA8F58224137DB00EF23B1 /* PBXTargetDependency */ = {
			isa = PBXTargetDependency;
			target = 78FA8F41224137D900EF23B1 /* TrackWork */;
			targetProxy = 78FA8F57224137DB00EF23B1 /* PBXContainerItemProxy */;
		};
		78FA8F62224137DB00EF23B1 /* PBXTargetDependency */ = {
			isa = PBXTargetDependency;
			target = 78FA8F5E224137DB00EF23B1 /* TrackWork WatchKit App */;
			targetProxy = 78FA8F61224137DB00EF23B1 /* PBXContainerItemProxy */;
		};
		78FA8F71224137DC00EF23B1 /* PBXTargetDependency */ = {
			isa = PBXTargetDependency;
			target = 78FA8F6D224137DC00EF23B1 /* TrackWork WatchKit Extension */;
			targetProxy = 78FA8F70224137DC00EF23B1 /* PBXContainerItemProxy */;
		};
/* End PBXTargetDependency section */

/* Begin PBXVariantGroup section */
		78FA8F49224137D900EF23B1 /* Main.storyboard */ = {
			isa = PBXVariantGroup;
			children = (
				78FA8F4A224137D900EF23B1 /* Base */,
			);
			name = Main.storyboard;
			sourceTree = "<group>";
		};
		78FA8F4E224137DB00EF23B1 /* LaunchScreen.storyboard */ = {
			isa = PBXVariantGroup;
			children = (
				78FA8F4F224137DB00EF23B1 /* Base */,
			);
			name = LaunchScreen.storyboard;
			sourceTree = "<group>";
		};
		78FA8F64224137DB00EF23B1 /* Interface.storyboard */ = {
			isa = PBXVariantGroup;
			children = (
				78FA8F65224137DB00EF23B1 /* Base */,
			);
			name = Interface.storyboard;
			sourceTree = "<group>";
		};
/* End PBXVariantGroup section */

/* Begin XCBuildConfiguration section */
		78FA8F7C224137DD00EF23B1 /* Debug */ = {
			isa = XCBuildConfiguration;
			buildSettings = {
				ALWAYS_SEARCH_USER_PATHS = NO;
				APP_SUFIX = .dev;
				CLANG_ANALYZER_NONNULL = YES;
				CLANG_ANALYZER_NUMBER_OBJECT_CONVERSION = YES_AGGRESSIVE;
				CLANG_CXX_LANGUAGE_STANDARD = "gnu++14";
				CLANG_CXX_LIBRARY = "libc++";
				CLANG_ENABLE_MODULES = YES;
				CLANG_ENABLE_OBJC_ARC = YES;
				CLANG_ENABLE_OBJC_WEAK = YES;
				CLANG_WARN_BLOCK_CAPTURE_AUTORELEASING = YES;
				CLANG_WARN_BOOL_CONVERSION = YES;
				CLANG_WARN_COMMA = YES;
				CLANG_WARN_CONSTANT_CONVERSION = YES;
				CLANG_WARN_DEPRECATED_OBJC_IMPLEMENTATIONS = YES;
				CLANG_WARN_DIRECT_OBJC_ISA_USAGE = YES_ERROR;
				CLANG_WARN_DOCUMENTATION_COMMENTS = YES;
				CLANG_WARN_EMPTY_BODY = YES;
				CLANG_WARN_ENUM_CONVERSION = YES;
				CLANG_WARN_INFINITE_RECURSION = YES;
				CLANG_WARN_INT_CONVERSION = YES;
				CLANG_WARN_NON_LITERAL_NULL_CONVERSION = YES;
				CLANG_WARN_OBJC_IMPLICIT_RETAIN_SELF = YES;
				CLANG_WARN_OBJC_LITERAL_CONVERSION = YES;
				CLANG_WARN_OBJC_ROOT_CLASS = YES_ERROR;
				CLANG_WARN_RANGE_LOOP_ANALYSIS = YES;
				CLANG_WARN_STRICT_PROTOTYPES = YES;
				CLANG_WARN_SUSPICIOUS_MOVE = YES;
				CLANG_WARN_UNGUARDED_AVAILABILITY = YES_AGGRESSIVE;
				CLANG_WARN_UNREACHABLE_CODE = YES;
				CLANG_WARN__DUPLICATE_METHOD_MATCH = YES;
				CODE_SIGN_IDENTITY = "iPhone Developer";
				COPY_PHASE_STRIP = NO;
				DEBUG_INFORMATION_FORMAT = dwarf;
				ENABLE_STRICT_OBJC_MSGSEND = YES;
				ENABLE_TESTABILITY = YES;
				GCC_C_LANGUAGE_STANDARD = gnu11;
				GCC_DYNAMIC_NO_PIC = NO;
				GCC_NO_COMMON_BLOCKS = YES;
				GCC_OPTIMIZATION_LEVEL = 0;
				GCC_PREPROCESSOR_DEFINITIONS = (
					"DEBUG=1",
					"$(inherited)",
				);
				GCC_WARN_64_TO_32_BIT_CONVERSION = YES;
				GCC_WARN_ABOUT_RETURN_TYPE = YES_ERROR;
				GCC_WARN_UNDECLARED_SELECTOR = YES;
				GCC_WARN_UNINITIALIZED_AUTOS = YES_AGGRESSIVE;
				GCC_WARN_UNUSED_FUNCTION = YES;
				GCC_WARN_UNUSED_VARIABLE = YES;
				IPHONEOS_DEPLOYMENT_TARGET = 12.1;
				MTL_ENABLE_DEBUG_INFO = INCLUDE_SOURCE;
				MTL_FAST_MATH = YES;
				ONLY_ACTIVE_ARCH = YES;
				SDKROOT = iphoneos;
				SWIFT_ACTIVE_COMPILATION_CONDITIONS = DEBUG;
				SWIFT_OPTIMIZATION_LEVEL = "-Onone";
			};
			name = Debug;
		};
		78FA8F7D224137DD00EF23B1 /* Release */ = {
			isa = XCBuildConfiguration;
			buildSettings = {
				ALWAYS_SEARCH_USER_PATHS = NO;
				APP_SUFIX = "";
				CLANG_ANALYZER_NONNULL = YES;
				CLANG_ANALYZER_NUMBER_OBJECT_CONVERSION = YES_AGGRESSIVE;
				CLANG_CXX_LANGUAGE_STANDARD = "gnu++14";
				CLANG_CXX_LIBRARY = "libc++";
				CLANG_ENABLE_MODULES = YES;
				CLANG_ENABLE_OBJC_ARC = YES;
				CLANG_ENABLE_OBJC_WEAK = YES;
				CLANG_WARN_BLOCK_CAPTURE_AUTORELEASING = YES;
				CLANG_WARN_BOOL_CONVERSION = YES;
				CLANG_WARN_COMMA = YES;
				CLANG_WARN_CONSTANT_CONVERSION = YES;
				CLANG_WARN_DEPRECATED_OBJC_IMPLEMENTATIONS = YES;
				CLANG_WARN_DIRECT_OBJC_ISA_USAGE = YES_ERROR;
				CLANG_WARN_DOCUMENTATION_COMMENTS = YES;
				CLANG_WARN_EMPTY_BODY = YES;
				CLANG_WARN_ENUM_CONVERSION = YES;
				CLANG_WARN_INFINITE_RECURSION = YES;
				CLANG_WARN_INT_CONVERSION = YES;
				CLANG_WARN_NON_LITERAL_NULL_CONVERSION = YES;
				CLANG_WARN_OBJC_IMPLICIT_RETAIN_SELF = YES;
				CLANG_WARN_OBJC_LITERAL_CONVERSION = YES;
				CLANG_WARN_OBJC_ROOT_CLASS = YES_ERROR;
				CLANG_WARN_RANGE_LOOP_ANALYSIS = YES;
				CLANG_WARN_STRICT_PROTOTYPES = YES;
				CLANG_WARN_SUSPICIOUS_MOVE = YES;
				CLANG_WARN_UNGUARDED_AVAILABILITY = YES_AGGRESSIVE;
				CLANG_WARN_UNREACHABLE_CODE = YES;
				CLANG_WARN__DUPLICATE_METHOD_MATCH = YES;
				CODE_SIGN_IDENTITY = "iPhone Developer";
				COPY_PHASE_STRIP = NO;
				DEBUG_INFORMATION_FORMAT = "dwarf-with-dsym";
				ENABLE_NS_ASSERTIONS = NO;
				ENABLE_STRICT_OBJC_MSGSEND = YES;
				GCC_C_LANGUAGE_STANDARD = gnu11;
				GCC_NO_COMMON_BLOCKS = YES;
				GCC_WARN_64_TO_32_BIT_CONVERSION = YES;
				GCC_WARN_ABOUT_RETURN_TYPE = YES_ERROR;
				GCC_WARN_UNDECLARED_SELECTOR = YES;
				GCC_WARN_UNINITIALIZED_AUTOS = YES_AGGRESSIVE;
				GCC_WARN_UNUSED_FUNCTION = YES;
				GCC_WARN_UNUSED_VARIABLE = YES;
				IPHONEOS_DEPLOYMENT_TARGET = 12.1;
				MTL_ENABLE_DEBUG_INFO = NO;
				MTL_FAST_MATH = YES;
				SDKROOT = iphoneos;
				SWIFT_COMPILATION_MODE = wholemodule;
				SWIFT_OPTIMIZATION_LEVEL = "-O";
				VALIDATE_PRODUCT = YES;
			};
			name = Release;
		};
		78FA8F7F224137DD00EF23B1 /* Debug */ = {
			isa = XCBuildConfiguration;
			buildSettings = {
				ASSETCATALOG_COMPILER_COMPLICATION_NAME = Complication;
				CODE_SIGN_STYLE = Automatic;
				DEVELOPMENT_TEAM = 6RT2556654;
				INFOPLIST_FILE = "TrackWork WatchKit Extension/Info.plist";
				LD_RUNPATH_SEARCH_PATHS = (
					"$(inherited)",
					"@executable_path/Frameworks",
					"@executable_path/../../Frameworks",
				);
				PRODUCT_BUNDLE_IDENTIFIER = "SalgadoProductions.TrackWork$(APP_SUFIX).watchkitapp.watchkitextension";
				PRODUCT_NAME = "${TARGET_NAME}";
				SDKROOT = watchos;
				SKIP_INSTALL = YES;
				SWIFT_VERSION = 4.2;
				TARGETED_DEVICE_FAMILY = 4;
				WATCHOS_DEPLOYMENT_TARGET = 4.0;
			};
			name = Debug;
		};
		78FA8F80224137DD00EF23B1 /* Release */ = {
			isa = XCBuildConfiguration;
			buildSettings = {
				ASSETCATALOG_COMPILER_COMPLICATION_NAME = Complication;
				CODE_SIGN_STYLE = Automatic;
				DEVELOPMENT_TEAM = 6RT2556654;
				INFOPLIST_FILE = "TrackWork WatchKit Extension/Info.plist";
				LD_RUNPATH_SEARCH_PATHS = (
					"$(inherited)",
					"@executable_path/Frameworks",
					"@executable_path/../../Frameworks",
				);
				PRODUCT_BUNDLE_IDENTIFIER = "SalgadoProductions.TrackWork$(APP_SUFIX).watchkitapp.watchkitextension";
				PRODUCT_NAME = "${TARGET_NAME}";
				SDKROOT = watchos;
				SKIP_INSTALL = YES;
				SWIFT_VERSION = 4.2;
				TARGETED_DEVICE_FAMILY = 4;
				WATCHOS_DEPLOYMENT_TARGET = 4.0;
			};
			name = Release;
		};
		78FA8F83224137DD00EF23B1 /* Debug */ = {
			isa = XCBuildConfiguration;
			buildSettings = {
				ALWAYS_EMBED_SWIFT_STANDARD_LIBRARIES = YES;
				ASSETCATALOG_COMPILER_APPICON_NAME = AppIcon;
				CODE_SIGN_STYLE = Automatic;
				DEVELOPMENT_TEAM = 6RT2556654;
				IBSC_MODULE = TrackWork_WatchKit_Extension;
				INFOPLIST_FILE = "TrackWork WatchKit App/Info.plist";
				PRODUCT_BUNDLE_IDENTIFIER = "SalgadoProductions.TrackWork$(APP_SUFIX).watchkitapp";
				PRODUCT_NAME = "$(TARGET_NAME)";
				SDKROOT = watchos;
				SKIP_INSTALL = YES;
				SWIFT_VERSION = 4.2;
				TARGETED_DEVICE_FAMILY = 4;
				WATCHOS_DEPLOYMENT_TARGET = 4.0;
			};
			name = Debug;
		};
		78FA8F84224137DD00EF23B1 /* Release */ = {
			isa = XCBuildConfiguration;
			buildSettings = {
				ALWAYS_EMBED_SWIFT_STANDARD_LIBRARIES = YES;
				ASSETCATALOG_COMPILER_APPICON_NAME = AppIcon;
				CODE_SIGN_STYLE = Automatic;
				DEVELOPMENT_TEAM = 6RT2556654;
				IBSC_MODULE = TrackWork_WatchKit_Extension;
				INFOPLIST_FILE = "TrackWork WatchKit App/Info.plist";
				PRODUCT_BUNDLE_IDENTIFIER = "SalgadoProductions.TrackWork$(APP_SUFIX).watchkitapp";
				PRODUCT_NAME = "$(TARGET_NAME)";
				SDKROOT = watchos;
				SKIP_INSTALL = YES;
				SWIFT_VERSION = 4.2;
				TARGETED_DEVICE_FAMILY = 4;
				WATCHOS_DEPLOYMENT_TARGET = 4.0;
			};
			name = Release;
		};
		78FA8F87224137DD00EF23B1 /* Debug */ = {
			isa = XCBuildConfiguration;
			buildSettings = {
				ASSETCATALOG_COMPILER_APPICON_NAME = AppIcon.dev;
				CODE_SIGN_STYLE = Automatic;
				DEVELOPMENT_TEAM = 6RT2556654;
				INFOPLIST_FILE = TrackWork/Info.plist;
				IPHONEOS_DEPLOYMENT_TARGET = 11.0;
				LD_RUNPATH_SEARCH_PATHS = (
					"$(inherited)",
					"@executable_path/Frameworks",
				);
				PRODUCT_BUNDLE_IDENTIFIER = "SalgadoProductions.TrackWork$(APP_SUFIX)";
				PRODUCT_NAME = "$(TARGET_NAME)$(APP_SUFIX)";
				SWIFT_VERSION = 4.2;
				TARGETED_DEVICE_FAMILY = 1;
			};
			name = Debug;
		};
		78FA8F88224137DD00EF23B1 /* Release */ = {
			isa = XCBuildConfiguration;
			buildSettings = {
				ASSETCATALOG_COMPILER_APPICON_NAME = AppIcon.dev;
				CODE_SIGN_STYLE = Automatic;
				DEVELOPMENT_TEAM = 6RT2556654;
				INFOPLIST_FILE = TrackWork/Info.plist;
				IPHONEOS_DEPLOYMENT_TARGET = 11.0;
				LD_RUNPATH_SEARCH_PATHS = (
					"$(inherited)",
					"@executable_path/Frameworks",
				);
				PRODUCT_BUNDLE_IDENTIFIER = "SalgadoProductions.TrackWork$(APP_SUFIX)";
				PRODUCT_NAME = "$(TARGET_NAME)$(APP_SUFIX)";
				SWIFT_VERSION = 4.2;
				TARGETED_DEVICE_FAMILY = 1;
			};
			name = Release;
		};
		78FA8F8A224137DD00EF23B1 /* Debug */ = {
			isa = XCBuildConfiguration;
			buildSettings = {
				ALWAYS_EMBED_SWIFT_STANDARD_LIBRARIES = YES;
				BUNDLE_LOADER = "$(TEST_HOST)";
				CODE_SIGN_STYLE = Automatic;
				DEVELOPMENT_TEAM = 6RT2556654;
				INFOPLIST_FILE = TrackWorkTests/Info.plist;
				LD_RUNPATH_SEARCH_PATHS = (
					"$(inherited)",
					"@executable_path/Frameworks",
					"@loader_path/Frameworks",
				);
				PRODUCT_BUNDLE_IDENTIFIER = SalgadoProductions.TrackWorkTests;
				PRODUCT_NAME = "$(TARGET_NAME)";
				SWIFT_VERSION = 4.2;
				TARGETED_DEVICE_FAMILY = "1,2";
				TEST_HOST = "$(BUILT_PRODUCTS_DIR)/TrackWork.app/TrackWork";
			};
			name = Debug;
		};
		78FA8F8B224137DD00EF23B1 /* Release */ = {
			isa = XCBuildConfiguration;
			buildSettings = {
				ALWAYS_EMBED_SWIFT_STANDARD_LIBRARIES = YES;
				BUNDLE_LOADER = "$(TEST_HOST)";
				CODE_SIGN_STYLE = Automatic;
				DEVELOPMENT_TEAM = 6RT2556654;
				INFOPLIST_FILE = TrackWorkTests/Info.plist;
				LD_RUNPATH_SEARCH_PATHS = (
					"$(inherited)",
					"@executable_path/Frameworks",
					"@loader_path/Frameworks",
				);
				PRODUCT_BUNDLE_IDENTIFIER = SalgadoProductions.TrackWorkTests;
				PRODUCT_NAME = "$(TARGET_NAME)";
				SWIFT_VERSION = 4.2;
				TARGETED_DEVICE_FAMILY = "1,2";
				TEST_HOST = "$(BUILT_PRODUCTS_DIR)/TrackWork.app/TrackWork";
			};
			name = Release;
		};
/* End XCBuildConfiguration section */

/* Begin XCConfigurationList section */
		78FA8F3D224137D900EF23B1 /* Build configuration list for PBXProject "TrackWork" */ = {
			isa = XCConfigurationList;
			buildConfigurations = (
				78FA8F7C224137DD00EF23B1 /* Debug */,
				78FA8F7D224137DD00EF23B1 /* Release */,
			);
			defaultConfigurationIsVisible = 0;
			defaultConfigurationName = Release;
		};
		78FA8F7E224137DD00EF23B1 /* Build configuration list for PBXNativeTarget "TrackWork WatchKit Extension" */ = {
			isa = XCConfigurationList;
			buildConfigurations = (
				78FA8F7F224137DD00EF23B1 /* Debug */,
				78FA8F80224137DD00EF23B1 /* Release */,
			);
			defaultConfigurationIsVisible = 0;
			defaultConfigurationName = Release;
		};
		78FA8F82224137DD00EF23B1 /* Build configuration list for PBXNativeTarget "TrackWork WatchKit App" */ = {
			isa = XCConfigurationList;
			buildConfigurations = (
				78FA8F83224137DD00EF23B1 /* Debug */,
				78FA8F84224137DD00EF23B1 /* Release */,
			);
			defaultConfigurationIsVisible = 0;
			defaultConfigurationName = Release;
		};
		78FA8F86224137DD00EF23B1 /* Build configuration list for PBXNativeTarget "TrackWork" */ = {
			isa = XCConfigurationList;
			buildConfigurations = (
				78FA8F87224137DD00EF23B1 /* Debug */,
				78FA8F88224137DD00EF23B1 /* Release */,
			);
			defaultConfigurationIsVisible = 0;
			defaultConfigurationName = Release;
		};
		78FA8F89224137DD00EF23B1 /* Build configuration list for PBXNativeTarget "TrackWorkTests" */ = {
			isa = XCConfigurationList;
			buildConfigurations = (
				78FA8F8A224137DD00EF23B1 /* Debug */,
				78FA8F8B224137DD00EF23B1 /* Release */,
			);
			defaultConfigurationIsVisible = 0;
			defaultConfigurationName = Release;
		};
/* End XCConfigurationList section */
	};
	rootObject = 78FA8F3A224137D900EF23B1 /* Project object */;
}
